// !$*UTF8*$!
{
	archiveVersion = 1;
	classes = {
	};
	objectVersion = 50;
	objects = {

/* Begin PBXBuildFile section */
		344AEA4E266F350F0033A2D8 /* GraphemeTestAppApp.swift in Sources */ = {isa = PBXBuildFile; fileRef = 344AEA4D266F350F0033A2D8 /* GraphemeTestAppApp.swift */; };
		344AEA50266F350F0033A2D8 /* ContentView.swift in Sources */ = {isa = PBXBuildFile; fileRef = 344AEA4F266F350F0033A2D8 /* ContentView.swift */; };
		344AEA52266F35100033A2D8 /* Assets.xcassets in Resources */ = {isa = PBXBuildFile; fileRef = 344AEA51266F35100033A2D8 /* Assets.xcassets */; };
		344AEA55266F35100033A2D8 /* Preview Assets.xcassets in Resources */ = {isa = PBXBuildFile; fileRef = 344AEA54266F35100033A2D8 /* Preview Assets.xcassets */; };
		344AEA5F266F390D0033A2D8 /* GraphemeView.swift in Sources */ = {isa = PBXBuildFile; fileRef = 344AEA5E266F390D0033A2D8 /* GraphemeView.swift */; };
		344AEA63266F3A320033A2D8 /* GraphemeViewController.swift in Sources */ = {isa = PBXBuildFile; fileRef = 344AEA62266F3A320033A2D8 /* GraphemeViewController.swift */; };
/* End PBXBuildFile section */

/* Begin PBXFileReference section */
		344AEA4A266F350F0033A2D8 /* GraphemeTestApp.app */ = {isa = PBXFileReference; explicitFileType = wrapper.application; includeInIndex = 0; path = GraphemeTestApp.app; sourceTree = BUILT_PRODUCTS_DIR; };
		344AEA4D266F350F0033A2D8 /* GraphemeTestAppApp.swift */ = {isa = PBXFileReference; lastKnownFileType = sourcecode.swift; path = GraphemeTestAppApp.swift; sourceTree = "<group>"; };
		344AEA4F266F350F0033A2D8 /* ContentView.swift */ = {isa = PBXFileReference; lastKnownFileType = sourcecode.swift; path = ContentView.swift; sourceTree = "<group>"; };
		344AEA51266F35100033A2D8 /* Assets.xcassets */ = {isa = PBXFileReference; lastKnownFileType = folder.assetcatalog; path = Assets.xcassets; sourceTree = "<group>"; };
		344AEA54266F35100033A2D8 /* Preview Assets.xcassets */ = {isa = PBXFileReference; lastKnownFileType = folder.assetcatalog; path = "Preview Assets.xcassets"; sourceTree = "<group>"; };
		344AEA56266F35100033A2D8 /* Info.plist */ = {isa = PBXFileReference; lastKnownFileType = text.plist.xml; path = Info.plist; sourceTree = "<group>"; };
		344AEA5E266F390D0033A2D8 /* GraphemeView.swift */ = {isa = PBXFileReference; lastKnownFileType = sourcecode.swift; path = GraphemeView.swift; sourceTree = "<group>"; };
		344AEA62266F3A320033A2D8 /* GraphemeViewController.swift */ = {isa = PBXFileReference; lastKnownFileType = sourcecode.swift; path = GraphemeViewController.swift; sourceTree = "<group>"; };
/* End PBXFileReference section */

/* Begin PBXFrameworksBuildPhase section */
		344AEA47266F350F0033A2D8 /* Frameworks */ = {
			isa = PBXFrameworksBuildPhase;
			buildActionMask = 2147483647;
			files = (
			);
			runOnlyForDeploymentPostprocessing = 0;
		};
/* End PBXFrameworksBuildPhase section */

/* Begin PBXGroup section */
		344AEA41266F350F0033A2D8 = {
			isa = PBXGroup;
			children = (
				344AEA4C266F350F0033A2D8 /* GraphemeTestApp */,
				344AEA4B266F350F0033A2D8 /* Products */,
			);
			sourceTree = "<group>";
		};
		344AEA4B266F350F0033A2D8 /* Products */ = {
			isa = PBXGroup;
			children = (
				344AEA4A266F350F0033A2D8 /* GraphemeTestApp.app */,
			);
			name = Products;
			sourceTree = "<group>";
		};
		344AEA4C266F350F0033A2D8 /* GraphemeTestApp */ = {
			isa = PBXGroup;
			children = (
				344AEA4D266F350F0033A2D8 /* GraphemeTestAppApp.swift */,
				344AEA4F266F350F0033A2D8 /* ContentView.swift */,
				344AEA5E266F390D0033A2D8 /* GraphemeView.swift */,
				344AEA62266F3A320033A2D8 /* GraphemeViewController.swift */,
				344AEA51266F35100033A2D8 /* Assets.xcassets */,
				344AEA56266F35100033A2D8 /* Info.plist */,
				344AEA53266F35100033A2D8 /* Preview Content */,
			);
			path = GraphemeTestApp;
			sourceTree = "<group>";
		};
		344AEA53266F35100033A2D8 /* Preview Content */ = {
			isa = PBXGroup;
			children = (
				344AEA54266F35100033A2D8 /* Preview Assets.xcassets */,
			);
			path = "Preview Content";
			sourceTree = "<group>";
		};
/* End PBXGroup section */

/* Begin PBXNativeTarget section */
		344AEA49266F350F0033A2D8 /* GraphemeTestApp */ = {
			isa = PBXNativeTarget;
			buildConfigurationList = 344AEA59266F35100033A2D8 /* Build configuration list for PBXNativeTarget "GraphemeTestApp" */;
			buildPhases = (
				344AEA46266F350F0033A2D8 /* Sources */,
				344AEA47266F350F0033A2D8 /* Frameworks */,
				344AEA48266F350F0033A2D8 /* Resources */,
			);
			buildRules = (
			);
			dependencies = (
			);
			name = GraphemeTestApp;
			productName = GraphemeTestApp;
			productReference = 344AEA4A266F350F0033A2D8 /* GraphemeTestApp.app */;
			productType = "com.apple.product-type.application";
		};
/* End PBXNativeTarget section */

/* Begin PBXProject section */
		344AEA42266F350F0033A2D8 /* Project object */ = {
			isa = PBXProject;
			attributes = {
				LastSwiftUpdateCheck = 1250;
				LastUpgradeCheck = 1250;
				TargetAttributes = {
					344AEA49266F350F0033A2D8 = {
						CreatedOnToolsVersion = 12.5;
					};
				};
			};
			buildConfigurationList = 344AEA45266F350F0033A2D8 /* Build configuration list for PBXProject "GraphemeTestApp" */;
			compatibilityVersion = "Xcode 9.3";
			developmentRegion = en;
			hasScannedForEncodings = 0;
			knownRegions = (
				en,
				Base,
			);
			mainGroup = 344AEA41266F350F0033A2D8;
			productRefGroup = 344AEA4B266F350F0033A2D8 /* Products */;
			projectDirPath = "";
			projectRoot = "";
			targets = (
				344AEA49266F350F0033A2D8 /* GraphemeTestApp */,
			);
		};
/* End PBXProject section */

/* Begin PBXResourcesBuildPhase section */
		344AEA48266F350F0033A2D8 /* Resources */ = {
			isa = PBXResourcesBuildPhase;
			buildActionMask = 2147483647;
			files = (
				344AEA55266F35100033A2D8 /* Preview Assets.xcassets in Resources */,
				344AEA52266F35100033A2D8 /* Assets.xcassets in Resources */,
			);
			runOnlyForDeploymentPostprocessing = 0;
		};
/* End PBXResourcesBuildPhase section */

/* Begin PBXSourcesBuildPhase section */
		344AEA46266F350F0033A2D8 /* Sources */ = {
			isa = PBXSourcesBuildPhase;
			buildActionMask = 2147483647;
			files = (
				344AEA50266F350F0033A2D8 /* ContentView.swift in Sources */,
				344AEA4E266F350F0033A2D8 /* GraphemeTestAppApp.swift in Sources */,
				344AEA5F266F390D0033A2D8 /* GraphemeView.swift in Sources */,
				344AEA63266F3A320033A2D8 /* GraphemeViewController.swift in Sources */,
			);
			runOnlyForDeploymentPostprocessing = 0;
		};
/* End PBXSourcesBuildPhase section */

/* Begin XCBuildConfiguration section */
		344AEA57266F35100033A2D8 /* Debug */ = {
			isa = XCBuildConfiguration;
			buildSettings = {
				ALWAYS_SEARCH_USER_PATHS = NO;
				CLANG_ANALYZER_NONNULL = YES;
				CLANG_ANALYZER_NUMBER_OBJECT_CONVERSION = YES_AGGRESSIVE;
				CLANG_CXX_LANGUAGE_STANDARD = "gnu++14";
				CLANG_CXX_LIBRARY = "libc++";
				CLANG_ENABLE_MODULES = YES;
				CLANG_ENABLE_OBJC_ARC = YES;
				CLANG_ENABLE_OBJC_WEAK = YES;
				CLANG_WARN_BLOCK_CAPTURE_AUTORELEASING = YES;
				CLANG_WARN_BOOL_CONVERSION = YES;
				CLANG_WARN_COMMA = YES;
				CLANG_WARN_CONSTANT_CONVERSION = YES;
				CLANG_WARN_DEPRECATED_OBJC_IMPLEMENTATIONS = YES;
				CLANG_WARN_DIRECT_OBJC_ISA_USAGE = YES_ERROR;
				CLANG_WARN_DOCUMENTATION_COMMENTS = YES;
				CLANG_WARN_EMPTY_BODY = YES;
				CLANG_WARN_ENUM_CONVERSION = YES;
				CLANG_WARN_INFINITE_RECURSION = YES;
				CLANG_WARN_INT_CONVERSION = YES;
				CLANG_WARN_NON_LITERAL_NULL_CONVERSION = YES;
				CLANG_WARN_OBJC_IMPLICIT_RETAIN_SELF = YES;
				CLANG_WARN_OBJC_LITERAL_CONVERSION = YES;
				CLANG_WARN_OBJC_ROOT_CLASS = YES_ERROR;
				CLANG_WARN_QUOTED_INCLUDE_IN_FRAMEWORK_HEADER = YES;
				CLANG_WARN_RANGE_LOOP_ANALYSIS = YES;
				CLANG_WARN_STRICT_PROTOTYPES = YES;
				CLANG_WARN_SUSPICIOUS_MOVE = YES;
				CLANG_WARN_UNGUARDED_AVAILABILITY = YES_AGGRESSIVE;
				CLANG_WARN_UNREACHABLE_CODE = YES;
				CLANG_WARN__DUPLICATE_METHOD_MATCH = YES;
				COPY_PHASE_STRIP = NO;
				DEBUG_INFORMATION_FORMAT = dwarf;
				ENABLE_STRICT_OBJC_MSGSEND = YES;
				ENABLE_TESTABILITY = YES;
				GCC_C_LANGUAGE_STANDARD = gnu11;
				GCC_DYNAMIC_NO_PIC = NO;
				GCC_NO_COMMON_BLOCKS = YES;
				GCC_OPTIMIZATION_LEVEL = 0;
				GCC_PREPROCESSOR_DEFINITIONS = (
					"DEBUG=1",
					"$(inherited)",
				);
				GCC_WARN_64_TO_32_BIT_CONVERSION = YES;
				GCC_WARN_ABOUT_RETURN_TYPE = YES_ERROR;
				GCC_WARN_UNDECLARED_SELECTOR = YES;
				GCC_WARN_UNINITIALIZED_AUTOS = YES_AGGRESSIVE;
				GCC_WARN_UNUSED_FUNCTION = YES;
				GCC_WARN_UNUSED_VARIABLE = YES;
				IPHONEOS_DEPLOYMENT_TARGET = 14.5;
				MTL_ENABLE_DEBUG_INFO = INCLUDE_SOURCE;
				MTL_FAST_MATH = YES;
				ONLY_ACTIVE_ARCH = YES;
				SDKROOT = iphoneos;
				SWIFT_ACTIVE_COMPILATION_CONDITIONS = DEBUG;
				SWIFT_OPTIMIZATION_LEVEL = "-Onone";
			};
			name = Debug;
		};
		344AEA58266F35100033A2D8 /* Release */ = {
			isa = XCBuildConfiguration;
			buildSettings = {
				ALWAYS_SEARCH_USER_PATHS = NO;
				CLANG_ANALYZER_NONNULL = YES;
				CLANG_ANALYZER_NUMBER_OBJECT_CONVERSION = YES_AGGRESSIVE;
				CLANG_CXX_LANGUAGE_STANDARD = "gnu++14";
				CLANG_CXX_LIBRARY = "libc++";
				CLANG_ENABLE_MODULES = YES;
				CLANG_ENABLE_OBJC_ARC = YES;
				CLANG_ENABLE_OBJC_WEAK = YES;
				CLANG_WARN_BLOCK_CAPTURE_AUTORELEASING = YES;
				CLANG_WARN_BOOL_CONVERSION = YES;
				CLANG_WARN_COMMA = YES;
				CLANG_WARN_CONSTANT_CONVERSION = YES;
				CLANG_WARN_DEPRECATED_OBJC_IMPLEMENTATIONS = YES;
				CLANG_WARN_DIRECT_OBJC_ISA_USAGE = YES_ERROR;
				CLANG_WARN_DOCUMENTATION_COMMENTS = YES;
				CLANG_WARN_EMPTY_BODY = YES;
				CLANG_WARN_ENUM_CONVERSION = YES;
				CLANG_WARN_INFINITE_RECURSION = YES;
				CLANG_WARN_INT_CONVERSION = YES;
				CLANG_WARN_NON_LITERAL_NULL_CONVERSION = YES;
				CLANG_WARN_OBJC_IMPLICIT_RETAIN_SELF = YES;
				CLANG_WARN_OBJC_LITERAL_CONVERSION = YES;
				CLANG_WARN_OBJC_ROOT_CLASS = YES_ERROR;
				CLANG_WARN_QUOTED_INCLUDE_IN_FRAMEWORK_HEADER = YES;
				CLANG_WARN_RANGE_LOOP_ANALYSIS = YES;
				CLANG_WARN_STRICT_PROTOTYPES = YES;
				CLANG_WARN_SUSPICIOUS_MOVE = YES;
				CLANG_WARN_UNGUARDED_AVAILABILITY = YES_AGGRESSIVE;
				CLANG_WARN_UNREACHABLE_CODE = YES;
				CLANG_WARN__DUPLICATE_METHOD_MATCH = YES;
				COPY_PHASE_STRIP = NO;
				DEBUG_INFORMATION_FORMAT = "dwarf-with-dsym";
				ENABLE_NS_ASSERTIONS = NO;
				ENABLE_STRICT_OBJC_MSGSEND = YES;
				GCC_C_LANGUAGE_STANDARD = gnu11;
				GCC_NO_COMMON_BLOCKS = YES;
				GCC_WARN_64_TO_32_BIT_CONVERSION = YES;
				GCC_WARN_ABOUT_RETURN_TYPE = YES_ERROR;
				GCC_WARN_UNDECLARED_SELECTOR = YES;
				GCC_WARN_UNINITIALIZED_AUTOS = YES_AGGRESSIVE;
				GCC_WARN_UNUSED_FUNCTION = YES;
				GCC_WARN_UNUSED_VARIABLE = YES;
				IPHONEOS_DEPLOYMENT_TARGET = 14.5;
				MTL_ENABLE_DEBUG_INFO = NO;
				MTL_FAST_MATH = YES;
				SDKROOT = iphoneos;
				SWIFT_COMPILATION_MODE = wholemodule;
				SWIFT_OPTIMIZATION_LEVEL = "-O";
				VALIDATE_PRODUCT = YES;
			};
			name = Release;
		};
		344AEA5A266F35100033A2D8 /* Debug */ = {
			isa = XCBuildConfiguration;
			buildSettings = {
				ASSETCATALOG_COMPILER_APPICON_NAME = AppIcon;
				ASSETCATALOG_COMPILER_GLOBAL_ACCENT_COLOR_NAME = AccentColor;
				CODE_SIGN_STYLE = Manual;
				DEVELOPMENT_ASSET_PATHS = "\"GraphemeTestApp/Preview Content\"";
				DEVELOPMENT_TEAM = "";
				ENABLE_PREVIEWS = YES;
				INFOPLIST_FILE = GraphemeTestApp/Info.plist;
				IPHONEOS_DEPLOYMENT_TARGET = 14.0;
				LD_RUNPATH_SEARCH_PATHS = (
					"$(inherited)",
					"@executable_path/Frameworks",
				);
				PRODUCT_BUNDLE_IDENTIFIER = jp.toricana.GraphemeTestApp;
				PRODUCT_NAME = "$(TARGET_NAME)";
				PROVISIONING_PROFILE_SPECIFIER = "";
				SWIFT_VERSION = 5.0;
				TARGETED_DEVICE_FAMILY = "1,2";
			};
			name = Debug;
		};
		344AEA5B266F35100033A2D8 /* Release */ = {
			isa = XCBuildConfiguration;
			buildSettings = {
				ASSETCATALOG_COMPILER_APPICON_NAME = AppIcon;
				ASSETCATALOG_COMPILER_GLOBAL_ACCENT_COLOR_NAME = AccentColor;
				CODE_SIGN_STYLE = Manual;
				DEVELOPMENT_ASSET_PATHS = "\"GraphemeTestApp/Preview Content\"";
				DEVELOPMENT_TEAM = "";
				ENABLE_PREVIEWS = YES;
				INFOPLIST_FILE = GraphemeTestApp/Info.plist;
				IPHONEOS_DEPLOYMENT_TARGET = 14.0;
				LD_RUNPATH_SEARCH_PATHS = (
					"$(inherited)",
					"@executable_path/Frameworks",
				);
				PRODUCT_BUNDLE_IDENTIFIER = jp.toricana.GraphemeTestApp;
				PRODUCT_NAME = "$(TARGET_NAME)";
				PROVISIONING_PROFILE_SPECIFIER = "";
				SWIFT_VERSION = 5.0;
				TARGETED_DEVICE_FAMILY = "1,2";
			};
			name = Release;
		};
/* End XCBuildConfiguration section */

/* Begin XCConfigurationList section */
		344AEA45266F350F0033A2D8 /* Build configuration list for PBXProject "GraphemeTestApp" */ = {
			isa = XCConfigurationList;
			buildConfigurations = (
				344AEA57266F35100033A2D8 /* Debug */,
				344AEA58266F35100033A2D8 /* Release */,
			);
			defaultConfigurationIsVisible = 0;
			defaultConfigurationName = Release;
		};
		344AEA59266F35100033A2D8 /* Build configuration list for PBXNativeTarget "GraphemeTestApp" */ = {
			isa = XCConfigurationList;
			buildConfigurations = (
				344AEA5A266F35100033A2D8 /* Debug */,
				344AEA5B266F35100033A2D8 /* Release */,
			);
			defaultConfigurationIsVisible = 0;
			defaultConfigurationName = Release;
		};
/* End XCConfigurationList section */
	};
	rootObject = 344AEA42266F350F0033A2D8 /* Project object */;
}
